schema: '2.0'
stages:
  get_data:
    cmd: python get_data.py
    deps:
    - path: get_data.py
      hash: md5
      md5: d1ff2da3b5b394c1b87efd48d2d0724c
      size: 303
    outs:
    - path: data/data_raw.csv
      hash: md5
      md5: 500a0acbd112b7c512929eac892f9864
      size: 4009
  train:
    cmd: python train.py
    deps:
    - path: data/data_raw.csv
      hash: md5
      md5: 500a0acbd112b7c512929eac892f9864
      size: 4009
    - path: train.py
      hash: md5
      md5: ba0ae451cb3f9e88eaac4b15e14caa4e
      size: 863
    outs:
    - path: confusion_matrix.png
      hash: md5
      md5: 5b5b35f76c40bd7a3f1cf164b0019930
      size: 23360
    - path: metrics.json
      hash: md5
      md5: 484dae7eea13316cdc4bcf54825b3e80
      size: 32
