schema: '2.0'
stages:
  get_data:
    cmd: python get_data.py
    deps:
    - path: get_data.py
      hash: md5
      md5: d1ff2da3b5b394c1b87efd48d2d0724c
      size: 303
    outs:
    - path: data/data_raw.csv
      hash: md5
      md5: 500a0acbd112b7c512929eac892f9864
      size: 4009
  train:
    cmd: python train.py
    deps:
    - path: data/data_raw.csv
      hash: md5
      md5: 500a0acbd112b7c512929eac892f9864
      size: 4009
    - path: train.py
      hash: md5
      md5: 932839c426713d2c37d31159d8cd7049
      size: 902
    outs:
    - path: confusion_matrix.png
      hash: md5
      md5: 56b085a510ff00eea45a8c699ad96a50
      size: 23143
    - path: metrics.json
      hash: md5
      md5: 484dae7eea13316cdc4bcf54825b3e80
      size: 32
