schema: '2.0'
stages:
  get_data:
    cmd: python get_data.py
    deps:
    - path: get_data.py
      hash: md5
      md5: d1ff2da3b5b394c1b87efd48d2d0724c
      size: 303
    outs:
    - path: data/data_raw.csv
      hash: md5
      md5: 500a0acbd112b7c512929eac892f9864
      size: 4009
  train:
    cmd: python train.py
    deps:
    - path: data/data_raw.csv
      hash: md5
      md5: 500a0acbd112b7c512929eac892f9864
      size: 4009
    - path: train.py
      hash: md5
      md5: 85489aab195a04b2ed197cf2e61b722e
      size: 906
    outs:
    - path: confusion_matrix.png
      hash: md5
      md5: e72ca6462741664bd4d565e6ab402f24
      size: 23091
    - path: metrics.json
      hash: md5
      md5: 9a0379eaa11dd7b9e9995a62a5f21656
      size: 17
